{
  "name": "pauli-cloud",
  "version": "1.0.1",
  "lockfileVersion": 3,
  "requires": true,
  "packages": {
    "": {
      "name": "pauli-cloud",
      "version": "1.0.1",
      "license": "Apache-2.0",
      "bin": {
        "pauli-cloud": "bin/pauli-cloud.mjs"
      },
      "engines": {
        "node": ">=20"
      }
    }
  }
}
